
Microsoft Visual Studio Solution File, Format Version 12.00
# Visual Studio Version 17
VisualStudioVersion = 17.9.34616.47
MinimumVisualStudioVersion = 10.0.40219.1
Project("{FAE04EC0-301F-11D3-BF4B-00C04F79EFBC}") = "DofusTeamManager", "DofusTeamManager\DofusTeamManager.csproj", "{E03AE922-0C8A-4348-B299-D51E7B6B036C}"
EndProject
Global
	GlobalSection(SolutionConfigurationPlatforms) = preSolution
		Debug|Any CPU = Debug|Any CPU
		Release|Any CPU = Release|Any CPU
	EndGlobalSection
	GlobalSection(ProjectConfigurationPlatforms) = postSolution
		{E03AE922-0C8A-4348-B299-D51E7B6B036C}.Debug|Any CPU.ActiveCfg = Debug|Any CPU
		{E03AE922-0C8A-4348-B299-D51E7B6B036C}.Debug|Any CPU.Build.0 = Debug|Any CPU
		{E03AE922-0C8A-4348-B299-D51E7B6B036C}.Release|Any CPU.ActiveCfg = Release|Any CPU
		{E03AE922-0C8A-4348-B299-D51E7B6B036C}.Release|Any CPU.Build.0 = Release|Any CPU
	EndGlobalSection
	GlobalSection(SolutionProperties) = preSolution
		HideSolutionNode = FALSE
	EndGlobalSection
	GlobalSection(ExtensibilityGlobals) = postSolution
		SolutionGuid = {1F439162-751E-4E3B-A843-000323492532}
	EndGlobalSection
EndGlobal
